Microsoft Visual Studio Solution File, Format Version 12.00
# Visual Studio Version 17
VisualStudioVersion = 17.5.2.0
MinimumVisualStudioVersion = 10.0.40219.1
Project("{FAE04EC0-301F-11D3-BF4B-00C04F79EFBC}") = "CV6-Generics", "CV6-Generics\CV6-Generics.csproj", "{89471852-FA58-D97E-DF8A-8ACCD6F7065C}"
EndProject
Global
	GlobalSection(SolutionConfigurationPlatforms) = preSolution
		Debug|Any CPU = Debug|Any CPU
		Release|Any CPU = Release|Any CPU
	EndGlobalSection
	GlobalSection(ProjectConfigurationPlatforms) = postSolution
		{89471852-FA58-D97E-DF8A-8ACCD6F7065C}.Debug|Any CPU.ActiveCfg = Debug|Any CPU
		{89471852-FA58-D97E-DF8A-8ACCD6F7065C}.Debug|Any CPU.Build.0 = Debug|Any CPU
		{89471852-FA58-D97E-DF8A-8ACCD6F7065C}.Release|Any CPU.ActiveCfg = Release|Any CPU
		{89471852-FA58-D97E-DF8A-8ACCD6F7065C}.Release|Any CPU.Build.0 = Release|Any CPU
	EndGlobalSection
	GlobalSection(SolutionProperties) = preSolution
		HideSolutionNode = FALSE
	EndGlobalSection
	GlobalSection(ExtensibilityGlobals) = postSolution
		SolutionGuid = {6AB56277-C7F6-4CB7-A350-7A21EE6E73FB}
	EndGlobalSection
EndGlobal
