Microsoft Visual Studio Solution File, Format Version 12.00
# Visual Studio Version 17
VisualStudioVersion = 17.5.2.0
MinimumVisualStudioVersion = 10.0.40219.1
Project("{FAE04EC0-301F-11D3-BF4B-00C04F79EFBC}") = "NGOFinanceDashboard", "NGOFinanceDashboard\NGOFinanceDashboard.csproj", "{B3B7CAF9-C217-A47E-A4F4-D6FCCE7DEFF0}"
EndProject
Global
	GlobalSection(SolutionConfigurationPlatforms) = preSolution
		Debug|Any CPU = Debug|Any CPU
		Release|Any CPU = Release|Any CPU
	EndGlobalSection
	GlobalSection(ProjectConfigurationPlatforms) = postSolution
		{B3B7CAF9-C217-A47E-A4F4-D6FCCE7DEFF0}.Debug|Any CPU.ActiveCfg = Debug|Any CPU
		{B3B7CAF9-C217-A47E-A4F4-D6FCCE7DEFF0}.Debug|Any CPU.Build.0 = Debug|Any CPU
		{B3B7CAF9-C217-A47E-A4F4-D6FCCE7DEFF0}.Release|Any CPU.ActiveCfg = Release|Any CPU
		{B3B7CAF9-C217-A47E-A4F4-D6FCCE7DEFF0}.Release|Any CPU.Build.0 = Release|Any CPU
	EndGlobalSection
	GlobalSection(SolutionProperties) = preSolution
		HideSolutionNode = FALSE
	EndGlobalSection
	GlobalSection(ExtensibilityGlobals) = postSolution
		SolutionGuid = {5C605523-26EF-42D5-B73B-29A116181869}
	EndGlobalSection
EndGlobal
